{
  "requires": true,
  "lockfileVersion": 1,
  "dependencies": {
    "jquery": {
      "version": "3.6.0",
      "resolved": "https://registry.npmjs.org/jquery/-/jquery-3.6.0.tgz",
      "integrity": "sha512-JVzAR/AjBvVt2BmYhxRCSYysDsPcssdmTFnzyLEts9qNwmjmu4JTAMYubEfwVOSwpQ1I1sKKFcxhZCI2buerfw=="
    },
    "timepicker": {
      "version": "1.13.18",
      "resolved": "https://registry.npmjs.org/timepicker/-/timepicker-1.13.18.tgz",
      "integrity": "sha512-3y9FjZ3pOhgK/Ada8yr7u7j3QkCxYOGXXjbfoGnaKd0E9qg2VX9cELZtxu21LGr9pOzuhh5qvoVp4gYZ+hcQmQ==",
      "requires": {
        "jquery": "^3.5.1"
      }
    }
  }
}
